
Microsoft Visual Studio Solution File, Format Version 12.00
# Visual Studio Version 17
VisualStudioVersion = 17.8.34330.188
MinimumVisualStudioVersion = 10.0.40219.1
Project("{FAE04EC0-301F-11D3-BF4B-00C04F79EFBC}") = "DISASTER PREPAREDNESS", "DISASTER PREPAREDNESS\DISASTER PREPAREDNESS.csproj", "{B5362644-CEF3-4075-8A19-A0CD85F06952}"
EndProject
Global
	GlobalSection(SolutionConfigurationPlatforms) = preSolution
		Debug|Any CPU = Debug|Any CPU
		Release|Any CPU = Release|Any CPU
	EndGlobalSection
	GlobalSection(ProjectConfigurationPlatforms) = postSolution
		{B5362644-CEF3-4075-8A19-A0CD85F06952}.Debug|Any CPU.ActiveCfg = Debug|Any CPU
		{B5362644-CEF3-4075-8A19-A0CD85F06952}.Debug|Any CPU.Build.0 = Debug|Any CPU
		{B5362644-CEF3-4075-8A19-A0CD85F06952}.Release|Any CPU.ActiveCfg = Release|Any CPU
		{B5362644-CEF3-4075-8A19-A0CD85F06952}.Release|Any CPU.Build.0 = Release|Any CPU
	EndGlobalSection
	GlobalSection(SolutionProperties) = preSolution
		HideSolutionNode = FALSE
	EndGlobalSection
	GlobalSection(ExtensibilityGlobals) = postSolution
		SolutionGuid = {E711316B-CD71-43FD-BB97-FC7C70DFDAB9}
	EndGlobalSection
EndGlobal
